
Microsoft Visual Studio Solution File, Format Version 12.00
# Visual Studio 15
VisualStudioVersion = 15.0.28307.271
MinimumVisualStudioVersion = 10.0.40219.1
Project("{FAE04EC0-301F-11D3-BF4B-00C04F79EFBC}") = "Exercise1", "Exercise1\Exercise1.csproj", "{7AB661A2-09B2-4AC5-84D7-D8CDD5E99B93}"
EndProject
Project("{FAE04EC0-301F-11D3-BF4B-00C04F79EFBC}") = "Exercise2", "Exercise2\Exercise2.csproj", "{BC7106BB-DEAD-4AE8-925C-EA0685780A2D}"
EndProject
Project("{FAE04EC0-301F-11D3-BF4B-00C04F79EFBC}") = "Exercise3", "Exercise3\Exercise3.csproj", "{4AB64C7E-FAB8-4BDB-9F2B-6D982675275E}"
EndProject
Project("{FAE04EC0-301F-11D3-BF4B-00C04F79EFBC}") = "Exercise4", "Exercise4\Exercise4.csproj", "{3196DB61-7F4A-49B6-A3FE-BB793DE033FB}"
EndProject
Global
	GlobalSection(SolutionConfigurationPlatforms) = preSolution
		Debug|Any CPU = Debug|Any CPU
		Release|Any CPU = Release|Any CPU
	EndGlobalSection
	GlobalSection(ProjectConfigurationPlatforms) = postSolution
		{7AB661A2-09B2-4AC5-84D7-D8CDD5E99B93}.Debug|Any CPU.ActiveCfg = Debug|Any CPU
		{7AB661A2-09B2-4AC5-84D7-D8CDD5E99B93}.Debug|Any CPU.Build.0 = Debug|Any CPU
		{7AB661A2-09B2-4AC5-84D7-D8CDD5E99B93}.Release|Any CPU.ActiveCfg = Release|Any CPU
		{7AB661A2-09B2-4AC5-84D7-D8CDD5E99B93}.Release|Any CPU.Build.0 = Release|Any CPU
		{BC7106BB-DEAD-4AE8-925C-EA0685780A2D}.Debug|Any CPU.ActiveCfg = Debug|Any CPU
		{BC7106BB-DEAD-4AE8-925C-EA0685780A2D}.Debug|Any CPU.Build.0 = Debug|Any CPU
		{BC7106BB-DEAD-4AE8-925C-EA0685780A2D}.Release|Any CPU.ActiveCfg = Release|Any CPU
		{BC7106BB-DEAD-4AE8-925C-EA0685780A2D}.Release|Any CPU.Build.0 = Release|Any CPU
		{4AB64C7E-FAB8-4BDB-9F2B-6D982675275E}.Debug|Any CPU.ActiveCfg = Debug|Any CPU
		{4AB64C7E-FAB8-4BDB-9F2B-6D982675275E}.Debug|Any CPU.Build.0 = Debug|Any CPU
		{4AB64C7E-FAB8-4BDB-9F2B-6D982675275E}.Release|Any CPU.ActiveCfg = Release|Any CPU
		{4AB64C7E-FAB8-4BDB-9F2B-6D982675275E}.Release|Any CPU.Build.0 = Release|Any CPU
		{3196DB61-7F4A-49B6-A3FE-BB793DE033FB}.Debug|Any CPU.ActiveCfg = Debug|Any CPU
		{3196DB61-7F4A-49B6-A3FE-BB793DE033FB}.Debug|Any CPU.Build.0 = Debug|Any CPU
		{3196DB61-7F4A-49B6-A3FE-BB793DE033FB}.Release|Any CPU.ActiveCfg = Release|Any CPU
		{3196DB61-7F4A-49B6-A3FE-BB793DE033FB}.Release|Any CPU.Build.0 = Release|Any CPU
	EndGlobalSection
	GlobalSection(SolutionProperties) = preSolution
		HideSolutionNode = FALSE
	EndGlobalSection
	GlobalSection(ExtensibilityGlobals) = postSolution
		SolutionGuid = {ED83796F-9EE8-4CE1-8BC6-06F416DD2D15}
	EndGlobalSection
EndGlobal
